
Microsoft Visual Studio Solution File, Format Version 12.00
# Visual Studio 14
VisualStudioVersion = 14.0.23107.0
MinimumVisualStudioVersion = 10.0.40219.1
Project("{FAE04EC0-301F-11D3-BF4B-00C04F79EFBC}") = "RESTComponent.Console", "RESTComponent.Console\RESTComponent.Console.csproj", "{D51B7B82-A658-4900-A932-C6008BDFD2D7}"
EndProject
Project("{2150E333-8FDC-42A3-9474-1A3956D46DE8}") = ".nuget", ".nuget", "{9614DEE6-2C35-4A2C-AD24-CBD9248AE09E}"
	ProjectSection(SolutionItems) = preProject
		.nuget\NuGet.Config = .nuget\NuGet.Config
		.nuget\NuGet.exe = .nuget\NuGet.exe
		.nuget\NuGet.targets = .nuget\NuGet.targets
	EndProjectSection
EndProject
Project("{2150E333-8FDC-42A3-9474-1A3956D46DE8}") = "Solution Items", "Solution Items", "{41C64C6E-3920-4C80-ADF4-048D16D7A4DF}"
	ProjectSection(SolutionItems) = preProject
		LICENSE = LICENSE
		README.md = README.md
	EndProjectSection
EndProject
Project("{2150E333-8FDC-42A3-9474-1A3956D46DE8}") = "Api", "Api", "{092B0931-1AB0-4AFC-96DD-93627BF3119D}"
EndProject
Project("{2150E333-8FDC-42A3-9474-1A3956D46DE8}") = "Component", "Component", "{0ABB426A-AD49-4278-A1EB-88A17FE9464F}"
EndProject
Project("{2150E333-8FDC-42A3-9474-1A3956D46DE8}") = "Starters", "Starters", "{21326E49-020A-4A29-91CE-582CB18D3F45}"
EndProject
Project("{2150E333-8FDC-42A3-9474-1A3956D46DE8}") = "RTM", "RTM", "{2DE2254E-1B74-457A-92E3-96762ACA8724}"
EndProject
Project("{FAE04EC0-301F-11D3-BF4B-00C04F79EFBC}") = "RESTComponent.CameraImages", "RESTComponent.CameraImages\RESTComponent.CameraImages.csproj", "{05270E5C-F4D1-4684-9793-002B2FC7A6BF}"
EndProject
Project("{FAE04EC0-301F-11D3-BF4B-00C04F79EFBC}") = "RESTComponent.Api", "RESTComponent.Api\RESTComponent.Api.csproj", "{3CCE772B-2D3C-424A-955D-2E01A090CEC3}"
EndProject
Project("{FAE04EC0-301F-11D3-BF4B-00C04F79EFBC}") = "RESTComponent.RTComponent", "RESTComponent.RTComponent\RESTComponent.RTComponent.csproj", "{D5166226-E10F-4323-90AF-0E6DD1EFC1E8}"
EndProject
Project("{FAE04EC0-301F-11D3-BF4B-00C04F79EFBC}") = "RESTComponent.Preview", "RESTComponent.Preview\RESTComponent.Preview.csproj", "{FD0DE129-9A0E-4885-B11E-CFE245FB74DB}"
EndProject
Project("{FAE04EC0-301F-11D3-BF4B-00C04F79EFBC}") = "RESTComponent.RTComponent.Configuration", "RESTComponent.RTComponent.Configuration\RESTComponent.RTComponent.Configuration.csproj", "{3A4184AE-528F-46D0-B21B-6CBC6E83BEC6}"
EndProject
Global
	GlobalSection(SolutionConfigurationPlatforms) = preSolution
		Debug|Any CPU = Debug|Any CPU
		Release|Any CPU = Release|Any CPU
	EndGlobalSection
	GlobalSection(ProjectConfigurationPlatforms) = postSolution
		{D51B7B82-A658-4900-A932-C6008BDFD2D7}.Debug|Any CPU.ActiveCfg = Debug|Any CPU
		{D51B7B82-A658-4900-A932-C6008BDFD2D7}.Debug|Any CPU.Build.0 = Debug|Any CPU
		{D51B7B82-A658-4900-A932-C6008BDFD2D7}.Release|Any CPU.ActiveCfg = Release|Any CPU
		{D51B7B82-A658-4900-A932-C6008BDFD2D7}.Release|Any CPU.Build.0 = Release|Any CPU
		{05270E5C-F4D1-4684-9793-002B2FC7A6BF}.Debug|Any CPU.ActiveCfg = Debug|Any CPU
		{05270E5C-F4D1-4684-9793-002B2FC7A6BF}.Debug|Any CPU.Build.0 = Debug|Any CPU
		{05270E5C-F4D1-4684-9793-002B2FC7A6BF}.Release|Any CPU.ActiveCfg = Release|Any CPU
		{05270E5C-F4D1-4684-9793-002B2FC7A6BF}.Release|Any CPU.Build.0 = Release|Any CPU
		{3CCE772B-2D3C-424A-955D-2E01A090CEC3}.Debug|Any CPU.ActiveCfg = Debug|Any CPU
		{3CCE772B-2D3C-424A-955D-2E01A090CEC3}.Debug|Any CPU.Build.0 = Debug|Any CPU
		{3CCE772B-2D3C-424A-955D-2E01A090CEC3}.Release|Any CPU.ActiveCfg = Release|Any CPU
		{3CCE772B-2D3C-424A-955D-2E01A090CEC3}.Release|Any CPU.Build.0 = Release|Any CPU
		{D5166226-E10F-4323-90AF-0E6DD1EFC1E8}.Debug|Any CPU.ActiveCfg = Debug|Any CPU
		{D5166226-E10F-4323-90AF-0E6DD1EFC1E8}.Debug|Any CPU.Build.0 = Debug|Any CPU
		{D5166226-E10F-4323-90AF-0E6DD1EFC1E8}.Release|Any CPU.ActiveCfg = Release|Any CPU
		{D5166226-E10F-4323-90AF-0E6DD1EFC1E8}.Release|Any CPU.Build.0 = Release|Any CPU
		{FD0DE129-9A0E-4885-B11E-CFE245FB74DB}.Debug|Any CPU.ActiveCfg = Debug|Any CPU
		{FD0DE129-9A0E-4885-B11E-CFE245FB74DB}.Debug|Any CPU.Build.0 = Debug|Any CPU
		{FD0DE129-9A0E-4885-B11E-CFE245FB74DB}.Release|Any CPU.ActiveCfg = Release|Any CPU
		{FD0DE129-9A0E-4885-B11E-CFE245FB74DB}.Release|Any CPU.Build.0 = Release|Any CPU
		{3A4184AE-528F-46D0-B21B-6CBC6E83BEC6}.Debug|Any CPU.ActiveCfg = Debug|Any CPU
		{3A4184AE-528F-46D0-B21B-6CBC6E83BEC6}.Debug|Any CPU.Build.0 = Debug|Any CPU
		{3A4184AE-528F-46D0-B21B-6CBC6E83BEC6}.Release|Any CPU.ActiveCfg = Release|Any CPU
		{3A4184AE-528F-46D0-B21B-6CBC6E83BEC6}.Release|Any CPU.Build.0 = Release|Any CPU
	EndGlobalSection
	GlobalSection(SolutionProperties) = preSolution
		HideSolutionNode = FALSE
	EndGlobalSection
	GlobalSection(NestedProjects) = preSolution
		{D51B7B82-A658-4900-A932-C6008BDFD2D7} = {21326E49-020A-4A29-91CE-582CB18D3F45}
		{05270E5C-F4D1-4684-9793-002B2FC7A6BF} = {2DE2254E-1B74-457A-92E3-96762ACA8724}
		{3CCE772B-2D3C-424A-955D-2E01A090CEC3} = {092B0931-1AB0-4AFC-96DD-93627BF3119D}
		{D5166226-E10F-4323-90AF-0E6DD1EFC1E8} = {0ABB426A-AD49-4278-A1EB-88A17FE9464F}
		{FD0DE129-9A0E-4885-B11E-CFE245FB74DB} = {21326E49-020A-4A29-91CE-582CB18D3F45}
		{3A4184AE-528F-46D0-B21B-6CBC6E83BEC6} = {0ABB426A-AD49-4278-A1EB-88A17FE9464F}
	EndGlobalSection
EndGlobal
